
Microsoft Visual Studio Solution File, Format Version 12.00
# Visual Studio Version 18
VisualStudioVersion = 18.2.11415.280 d18.0
MinimumVisualStudioVersion = 10.0.40219.1
Project("{FAE04EC0-301F-11D3-BF4B-00C04F79EFBC}") = "SDM.InfraOps", "SDM.InfraOps\SDM.InfraOps.csproj", "{5F6D9DE6-A8C8-EC80-730A-29328533E84D}"
EndProject
Global
	GlobalSection(SolutionConfigurationPlatforms) = preSolution
		Debug|Any CPU = Debug|Any CPU
		Release|Any CPU = Release|Any CPU
	EndGlobalSection
	GlobalSection(ProjectConfigurationPlatforms) = postSolution
		{5F6D9DE6-A8C8-EC80-730A-29328533E84D}.Debug|Any CPU.ActiveCfg = Debug|Any CPU
		{5F6D9DE6-A8C8-EC80-730A-29328533E84D}.Debug|Any CPU.Build.0 = Debug|Any CPU
		{5F6D9DE6-A8C8-EC80-730A-29328533E84D}.Release|Any CPU.ActiveCfg = Release|Any CPU
		{5F6D9DE6-A8C8-EC80-730A-29328533E84D}.Release|Any CPU.Build.0 = Release|Any CPU
	EndGlobalSection
	GlobalSection(SolutionProperties) = preSolution
		HideSolutionNode = FALSE
	EndGlobalSection
	GlobalSection(ExtensibilityGlobals) = postSolution
		SolutionGuid = {6C9B1AC5-36C0-446B-806B-A3B5DD787861}
	EndGlobalSection
EndGlobal
