
Microsoft Visual Studio Solution File, Format Version 12.00
# Visual Studio Version 18
VisualStudioVersion = 18.2.11415.280 d18.0
MinimumVisualStudioVersion = 10.0.40219.1
Project("{FAE04EC0-301F-11D3-BF4B-00C04F79EFBC}") = "SDM.InfraOps.Common", "SDM.InfraOps.Common\SDM.InfraOps.Common.csproj", "{D978CB65-D62E-B6A7-090F-A1922912DC85}"
EndProject
Global
	GlobalSection(SolutionConfigurationPlatforms) = preSolution
		Debug|Any CPU = Debug|Any CPU
		Release|Any CPU = Release|Any CPU
	EndGlobalSection
	GlobalSection(ProjectConfigurationPlatforms) = postSolution
		{D978CB65-D62E-B6A7-090F-A1922912DC85}.Debug|Any CPU.ActiveCfg = Debug|Any CPU
		{D978CB65-D62E-B6A7-090F-A1922912DC85}.Debug|Any CPU.Build.0 = Debug|Any CPU
		{D978CB65-D62E-B6A7-090F-A1922912DC85}.Release|Any CPU.ActiveCfg = Release|Any CPU
		{D978CB65-D62E-B6A7-090F-A1922912DC85}.Release|Any CPU.Build.0 = Release|Any CPU
	EndGlobalSection
	GlobalSection(SolutionProperties) = preSolution
		HideSolutionNode = FALSE
	EndGlobalSection
	GlobalSection(ExtensibilityGlobals) = postSolution
		SolutionGuid = {6C9B1AC5-36C0-446B-806B-A3B5DD787861}
	EndGlobalSection
EndGlobal
