<Solution>
  <Folder Name="/SDM.Tests/">
    <Project Path="SDM.AssetManagementTests/SDM.AssetManagement.Tests.csproj" />
    <Project Path="SDM.FacilityManagement.Tests/SDM.FacilityManagement.Tests.csproj" />
    <Project Path="SDM.InfraOps.PackagingTests/SDM.InfraOps.PackagingTests.csproj" />
    <Project Path="SDM.InfraOpsProperties.Tests/SDM.InfraOpsProperties.Tests.csproj" />
    <Project Path="SDM.PlanAndBuild.Tests/SDM.PlanAndBuild.Tests.csproj" />
  </Folder>
  <Project Path="SDM.AssetManagement.Automation/SDM.AssetManagement.Automation.csproj" Id="51016b20-9524-44df-b4b1-a2e16ae70603" />
  <Project Path="SDM.AssetManagement.Common/SDM.AssetManagement.Common.csproj" />
  <Project Path="SDM.AssetManagement.GQI/SDM.AssetManagement.GQI.csproj" Id="728f5590-32b0-4e81-ad97-a287d3ccda34" />
  <Project Path="SDM.AssetManagement.Protocol/SDM.AssetManagement.Protocol.csproj" Id="5b2b0aaf-94fd-4e7d-9154-f95797c6264c" />
  <Project Path="SDM.FacilityManagement.Automation/SDM.FacilityManagement.Automation.csproj" Id="461747c3-f095-4573-8db7-89cbe085be80" />
  <Project Path="SDM.FacilityManagement.Common/SDM.FacilityManagement.Common.csproj" Id="43129b6d-34c1-4d71-8900-8836dcc2cdcc" />
  <Project Path="SDM.FacilityManagement.GQI/SDM.FacilityManagement.GQI.csproj" Id="fa02bb09-b0ca-4888-a9be-afb648c59199" />
  <Project Path="SDM.FacilityManagement.Protocol/SDM.FacilityManagement.Protocol.csproj" Id="9450733d-d8ec-430e-8403-6dc440537c73" />
  <Project Path="SDM.InfraOps.Core/SDM.InfraOps.Core.csproj" />
  <Project Path="SDM.InfraOpsProperties.Automation/SDM.InfraOpsProperties.Automation.csproj" Id="126580d7-878b-48ee-b7ee-b194a0b12c89" />
  <Project Path="SDM.InfraOpsProperties.Common/SDM.InfraOpsProperties.Common.csproj" />
  <Project Path="SDM.InfraOpsProperties.GQI/SDM.InfraOpsProperties.GQI.csproj" Id="88f4266b-f728-4fda-b027-b7d45ff08b4e" />
  <Project Path="SDM.InfraOpsProperties.Protocol/SDM.InfraOpsProperties.Protocol.csproj" Id="8badf481-b9e8-4a5c-b326-7e58f1536966" />
  <Project Path="SDM.PlanAndBuild.Automation/SDM.PlanAndBuild.Automation.csproj" Id="b982fbc0-9ab4-42d3-9d73-fdf072e4d097" />
  <Project Path="SDM.PlanAndBuild.Common/SDM.PlanAndBuild.Common.csproj" />
  <Project Path="SDM.PlanAndBuild.GQI/SDM.PlanAndBuild.GQI.csproj" Id="35a5ae8f-fe4d-4153-8086-f6652b4057ae" />
  <Project Path="SDM.PlanAndBuild.Protocol/SDM.PlanAndBuild.Protocol.csproj" Id="d1c52570-a88a-458d-ba0a-c0e77e07b508" />
</Solution>
